
Microsoft Visual Studio Solution File, Format Version 12.00
# Visual Studio Version 17
VisualStudioVersion = 17.13.35931.197 d17.13
MinimumVisualStudioVersion = 10.0.40219.1
Project("{FAE04EC0-301F-11D3-BF4B-00C04F79EFBC}") = "DiffBetweenTaskAwaitAndThreadJoin", "DiffBetweenTaskAwaitAndThreadJoin\DiffBetweenTaskAwaitAndThreadJoin.csproj", "{84227E5D-DEA4-40E4-8394-9C4C48BD8BD3}"
EndProject
Project("{FAE04EC0-301F-11D3-BF4B-00C04F79EFBC}") = "ThreadingBasics", ".\ThreadingBasics\ThreadingBasics.csproj", "{224C7BFB-96BE-433F-D91D-36FAC81BA259}"
EndProject
Global
	GlobalSection(SolutionConfigurationPlatforms) = preSolution
		Debug|Any CPU = Debug|Any CPU
		Release|Any CPU = Release|Any CPU
	EndGlobalSection
	GlobalSection(ProjectConfigurationPlatforms) = postSolution
		{84227E5D-DEA4-40E4-8394-9C4C48BD8BD3}.Debug|Any CPU.ActiveCfg = Debug|Any CPU
		{84227E5D-DEA4-40E4-8394-9C4C48BD8BD3}.Debug|Any CPU.Build.0 = Debug|Any CPU
		{84227E5D-DEA4-40E4-8394-9C4C48BD8BD3}.Release|Any CPU.ActiveCfg = Release|Any CPU
		{84227E5D-DEA4-40E4-8394-9C4C48BD8BD3}.Release|Any CPU.Build.0 = Release|Any CPU
		{224C7BFB-96BE-433F-D91D-36FAC81BA259}.Debug|Any CPU.ActiveCfg = Debug|Any CPU
		{224C7BFB-96BE-433F-D91D-36FAC81BA259}.Debug|Any CPU.Build.0 = Debug|Any CPU
		{224C7BFB-96BE-433F-D91D-36FAC81BA259}.Release|Any CPU.ActiveCfg = Release|Any CPU
		{224C7BFB-96BE-433F-D91D-36FAC81BA259}.Release|Any CPU.Build.0 = Release|Any CPU
	EndGlobalSection
	GlobalSection(SolutionProperties) = preSolution
		HideSolutionNode = FALSE
	EndGlobalSection
	GlobalSection(ExtensibilityGlobals) = postSolution
		SolutionGuid = {2DE207EA-2C10-46FE-9DE1-F485D5D87B6F}
	EndGlobalSection
EndGlobal
